
Microsoft Visual Studio Solution File, Format Version 12.00
# Visual Studio Version 16
VisualStudioVersion = 16.0.30907.101
MinimumVisualStudioVersion = 10.0.40219.1
Project("{FAE04EC0-301F-11D3-BF4B-00C04F79EFBC}") = "Laskin", "Laskin\Laskin.csproj", "{1CD8C6E6-24B8-4DE1-837E-8A8A769DFC47}"
EndProject
Project("{FAE04EC0-301F-11D3-BF4B-00C04F79EFBC}") = "LaskinTest", "LaskinTest\LaskinTest.csproj", "{67353BFF-281E-4BE6-A459-2C9BC7E1657B}"
EndProject
Global
	GlobalSection(SolutionConfigurationPlatforms) = preSolution
		Debug|Any CPU = Debug|Any CPU
		Release|Any CPU = Release|Any CPU
	EndGlobalSection
	GlobalSection(ProjectConfigurationPlatforms) = postSolution
		{1CD8C6E6-24B8-4DE1-837E-8A8A769DFC47}.Debug|Any CPU.ActiveCfg = Debug|Any CPU
		{1CD8C6E6-24B8-4DE1-837E-8A8A769DFC47}.Debug|Any CPU.Build.0 = Debug|Any CPU
		{1CD8C6E6-24B8-4DE1-837E-8A8A769DFC47}.Release|Any CPU.ActiveCfg = Release|Any CPU
		{1CD8C6E6-24B8-4DE1-837E-8A8A769DFC47}.Release|Any CPU.Build.0 = Release|Any CPU
		{67353BFF-281E-4BE6-A459-2C9BC7E1657B}.Debug|Any CPU.ActiveCfg = Debug|Any CPU
		{67353BFF-281E-4BE6-A459-2C9BC7E1657B}.Debug|Any CPU.Build.0 = Debug|Any CPU
		{67353BFF-281E-4BE6-A459-2C9BC7E1657B}.Release|Any CPU.ActiveCfg = Release|Any CPU
		{67353BFF-281E-4BE6-A459-2C9BC7E1657B}.Release|Any CPU.Build.0 = Release|Any CPU
	EndGlobalSection
	GlobalSection(SolutionProperties) = preSolution
		HideSolutionNode = FALSE
	EndGlobalSection
	GlobalSection(ExtensibilityGlobals) = postSolution
		SolutionGuid = {5A1F9865-E4CA-4013-844D-B88A8E91DAF0}
	EndGlobalSection
EndGlobal
